PODS:
  - AUNavigationMenuController (0.4.0)
  - Neon (0.2.0)

DEPENDENCIES:
  - AUNavigationMenuController (from `../`)
  - Neon

EXTERNAL SOURCES:
  AUNavigationMenuController:
    :path: ../

SPEC CHECKSUMS:
  AUNavigationMenuController: 88844326fa0e80fcdef86d4b52cf2567f1c00593
  Neon: c7de6b6186c31870a0cacab6e018d0641bd12dca

PODFILE CHECKSUM: fd55b8406ac04c8ad39bb535b70a4bcc6b16df06

COCOAPODS: 1.1.1
