// !$*UTF8*$!
{
	archiveVersion = 1;
	classes = {
	};
	objectVersion = 46;
	objects = {

/* Begin PBXBuildFile section */
		1A66B5D8E66C621FDA6FEDE6 /* Pods_TestMyCocoapod.framework in Frameworks */ = {isa = PBXBuildFile; fileRef = F01A3BF1E4C3F53673691372 /* Pods_TestMyCocoapod.framework */; };
		5AC9DAB71DE8F5710071B6E9 /* AppDelegate.swift in Sources */ = {isa = PBXBuildFile; fileRef = 5AC9DAB61DE8F5710071B6E9 /* AppDelegate.swift */; };
		5AC9DAB91DE8F5710071B6E9 /* ViewController.swift in Sources */ = {isa = PBXBuildFile; fileRef = 5AC9DAB81DE8F5710071B6E9 /* ViewController.swift */; };
		5AC9DABE1DE8F5710071B6E9 /* Assets.xcassets in Resources */ = {isa = PBXBuildFile; fileRef = 5AC9DABD1DE8F5710071B6E9 /* Assets.xcassets */; };
		5AC9DAC11DE8F5710071B6E9 /* LaunchScreen.storyboard in Resources */ = {isa = PBXBuildFile; fileRef = 5AC9DABF1DE8F5710071B6E9 /* LaunchScreen.storyboard */; };
		5AC9DAC91DE8F5980071B6E9 /* ViewController2.swift in Sources */ = {isa = PBXBuildFile; fileRef = 5AC9DAC81DE8F5980071B6E9 /* ViewController2.swift */; };
		5AC9DACB1DE8F8440071B6E9 /* ViewController3.swift in Sources */ = {isa = PBXBuildFile; fileRef = 5AC9DACA1DE8F8440071B6E9 /* ViewController3.swift */; };
		5AC9DACF1DE8FA680071B6E9 /* BlueCircle.png in Resources */ = {isa = PBXBuildFile; fileRef = 5AC9DACE1DE8FA680071B6E9 /* BlueCircle.png */; };
/* End PBXBuildFile section */

/* Begin PBXFileReference section */
		5AC9DAB31DE8F5710071B6E9 /* TestMyCocoapod.app */ = {isa = PBXFileReference; explicitFileType = wrapper.application; includeInIndex = 0; path = TestMyCocoapod.app; sourceTree = BUILT_PRODUCTS_DIR; };
		5AC9DAB61DE8F5710071B6E9 /* AppDelegate.swift */ = {isa = PBXFileReference; lastKnownFileType = sourcecode.swift; path = AppDelegate.swift; sourceTree = "<group>"; };
		5AC9DAB81DE8F5710071B6E9 /* ViewController.swift */ = {isa = PBXFileReference; lastKnownFileType = sourcecode.swift; path = ViewController.swift; sourceTree = "<group>"; };
		5AC9DABD1DE8F5710071B6E9 /* Assets.xcassets */ = {isa = PBXFileReference; lastKnownFileType = folder.assetcatalog; path = Assets.xcassets; sourceTree = "<group>"; };
		5AC9DAC01DE8F5710071B6E9 /* Base */ = {isa = PBXFileReference; lastKnownFileType = file.storyboard; name = Base; path = Base.lproj/LaunchScreen.storyboard; sourceTree = "<group>"; };
		5AC9DAC21DE8F5710071B6E9 /* Info.plist */ = {isa = PBXFileReference; lastKnownFileType = text.plist.xml; path = Info.plist; sourceTree = "<group>"; };
		5AC9DAC81DE8F5980071B6E9 /* ViewController2.swift */ = {isa = PBXFileReference; fileEncoding = 4; lastKnownFileType = sourcecode.swift; path = ViewController2.swift; sourceTree = "<group>"; };
		5AC9DACA1DE8F8440071B6E9 /* ViewController3.swift */ = {isa = PBXFileReference; fileEncoding = 4; lastKnownFileType = sourcecode.swift; path = ViewController3.swift; sourceTree = "<group>"; };
		5AC9DACC1DE8F9C30071B6E9 /* AUNavigationMenuController.framework */ = {isa = PBXFileReference; lastKnownFileType = wrapper.framework; name = AUNavigationMenuController.framework; path = "../../../../Library/Developer/Xcode/DerivedData/TestMyCocoapod-ddzxxqpcssjikmgppzcuarcnjwrm/Build/Products/Debug-iphonesimulator/AUNavigationMenuController/AUNavigationMenuController.framework"; sourceTree = "<group>"; };
		5AC9DACE1DE8FA680071B6E9 /* BlueCircle.png */ = {isa = PBXFileReference; lastKnownFileType = image.png; path = BlueCircle.png; sourceTree = "<group>"; };
		7B98DE305FB9F920981BA8FE /* Pods-TestMyCocoapod.debug.xcconfig */ = {isa = PBXFileReference; includeInIndex = 1; lastKnownFileType = text.xcconfig; name = "Pods-TestMyCocoapod.debug.xcconfig"; path = "Pods/Target Support Files/Pods-TestMyCocoapod/Pods-TestMyCocoapod.debug.xcconfig"; sourceTree = "<group>"; };
		812995949F47CE8E8A14F0AC /* Pods-TestMyCocoapod.release.xcconfig */ = {isa = PBXFileReference; includeInIndex = 1; lastKnownFileType = text.xcconfig; name = "Pods-TestMyCocoapod.release.xcconfig"; path = "Pods/Target Support Files/Pods-TestMyCocoapod/Pods-TestMyCocoapod.release.xcconfig"; sourceTree = "<group>"; };
		F01A3BF1E4C3F53673691372 /* Pods_TestMyCocoapod.framework */ = {isa = PBXFileReference; explicitFileType = wrapper.framework; includeInIndex = 0; path = Pods_TestMyCocoapod.framework; sourceTree = BUILT_PRODUCTS_DIR; };
/* End PBXFileReference section */

/* Begin PBXFrameworksBuildPhase section */
		5AC9DAB01DE8F5710071B6E9 /* Frameworks */ = {
			isa = PBXFrameworksBuildPhase;
			buildActionMask = 2147483647;
			files = (
				1A66B5D8E66C621FDA6FEDE6 /* Pods_TestMyCocoapod.framework in Frameworks */,
			);
			runOnlyForDeploymentPostprocessing = 0;
		};
/* End PBXFrameworksBuildPhase section */

/* Begin PBXGroup section */
		5AC9DAAA1DE8F5710071B6E9 = {
			isa = PBXGroup;
			children = (
				5AC9DAB51DE8F5710071B6E9 /* TestMyCocoapod */,
				5AC9DAB41DE8F5710071B6E9 /* Products */,
				DD1BBC80F8745415FF6FDD37 /* Pods */,
				95543138E48BF5D7829AEDD8 /* Frameworks */,
			);
			sourceTree = "<group>";
		};
		5AC9DAB41DE8F5710071B6E9 /* Products */ = {
			isa = PBXGroup;
			children = (
				5AC9DAB31DE8F5710071B6E9 /* TestMyCocoapod.app */,
			);
			name = Products;
			sourceTree = "<group>";
		};
		5AC9DAB51DE8F5710071B6E9 /* TestMyCocoapod */ = {
			isa = PBXGroup;
			children = (
				5AC9DAB61DE8F5710071B6E9 /* AppDelegate.swift */,
				5AC9DAB81DE8F5710071B6E9 /* ViewController.swift */,
				5AC9DAC81DE8F5980071B6E9 /* ViewController2.swift */,
				5AC9DACA1DE8F8440071B6E9 /* ViewController3.swift */,
				5AC9DACE1DE8FA680071B6E9 /* BlueCircle.png */,
				5AC9DABD1DE8F5710071B6E9 /* Assets.xcassets */,
				5AC9DABF1DE8F5710071B6E9 /* LaunchScreen.storyboard */,
				5AC9DAC21DE8F5710071B6E9 /* Info.plist */,
			);
			path = TestMyCocoapod;
			sourceTree = "<group>";
		};
		95543138E48BF5D7829AEDD8 /* Frameworks */ = {
			isa = PBXGroup;
			children = (
				5AC9DACC1DE8F9C30071B6E9 /* AUNavigationMenuController.framework */,
				F01A3BF1E4C3F53673691372 /* Pods_TestMyCocoapod.framework */,
			);
			name = Frameworks;
			sourceTree = "<group>";
		};
		DD1BBC80F8745415FF6FDD37 /* Pods */ = {
			isa = PBXGroup;
			children = (
				7B98DE305FB9F920981BA8FE /* Pods-TestMyCocoapod.debug.xcconfig */,
				812995949F47CE8E8A14F0AC /* Pods-TestMyCocoapod.release.xcconfig */,
			);
			name = Pods;
			sourceTree = "<group>";
		};
/* End PBXGroup section */

/* Begin PBXNativeTarget section */
		5AC9DAB21DE8F5710071B6E9 /* TestMyCocoapod */ = {
			isa = PBXNativeTarget;
			buildConfigurationList = 5AC9DAC51DE8F5710071B6E9 /* Build configuration list for PBXNativeTarget "TestMyCocoapod" */;
			buildPhases = (
				CAEED01BA56979DAFE18A872 /* [CP] Check Pods Manifest.lock */,
				5AC9DAAF1DE8F5710071B6E9 /* Sources */,
				5AC9DAB01DE8F5710071B6E9 /* Frameworks */,
				5AC9DAB11DE8F5710071B6E9 /* Resources */,
				CDAA9BC846042798BE766A8E /* [CP] Embed Pods Frameworks */,
				D98BBADEC77BF76B0850AA64 /* [CP] Copy Pods Resources */,
			);
			buildRules = (
			);
			dependencies = (
			);
			name = TestMyCocoapod;
			productName = TestMyCocoapod;
			productReference = 5AC9DAB31DE8F5710071B6E9 /* TestMyCocoapod.app */;
			productType = "com.apple.product-type.application";
		};
/* End PBXNativeTarget section */

/* Begin PBXProject section */
		5AC9DAAB1DE8F5710071B6E9 /* Project object */ = {
			isa = PBXProject;
			attributes = {
				LastSwiftUpdateCheck = 0810;
				LastUpgradeCheck = 0810;
				ORGANIZATIONNAME = "Adeola Uthman";
				TargetAttributes = {
					5AC9DAB21DE8F5710071B6E9 = {
						CreatedOnToolsVersion = 8.1;
						DevelopmentTeam = ZNAXL37NHX;
						ProvisioningStyle = Automatic;
					};
				};
			};
			buildConfigurationList = 5AC9DAAE1DE8F5710071B6E9 /* Build configuration list for PBXProject "TestMyCocoapod" */;
			compatibilityVersion = "Xcode 3.2";
			developmentRegion = English;
			hasScannedForEncodings = 0;
			knownRegions = (
				en,
				Base,
			);
			mainGroup = 5AC9DAAA1DE8F5710071B6E9;
			productRefGroup = 5AC9DAB41DE8F5710071B6E9 /* Products */;
			projectDirPath = "";
			projectRoot = "";
			targets = (
				5AC9DAB21DE8F5710071B6E9 /* TestMyCocoapod */,
			);
		};
/* End PBXProject section */

/* Begin PBXResourcesBuildPhase section */
		5AC9DAB11DE8F5710071B6E9 /* Resources */ = {
			isa = PBXResourcesBuildPhase;
			buildActionMask = 2147483647;
			files = (
				5AC9DAC11DE8F5710071B6E9 /* LaunchScreen.storyboard in Resources */,
				5AC9DABE1DE8F5710071B6E9 /* Assets.xcassets in Resources */,
				5AC9DACF1DE8FA680071B6E9 /* BlueCircle.png in Resources */,
			);
			runOnlyForDeploymentPostprocessing = 0;
		};
/* End PBXResourcesBuildPhase section */

/* Begin PBXShellScriptBuildPhase section */
		CAEED01BA56979DAFE18A872 /* [CP] Check Pods Manifest.lock */ = {
			isa = PBXShellScriptBuildPhase;
			buildActionMask = 2147483647;
			files = (
			);
			inputPaths = (
			);
			name = "[CP] Check Pods Manifest.lock";
			outputPaths = (
			);
			runOnlyForDeploymentPostprocessing = 0;
			shellPath = /bin/sh;
			shellScript = "diff \"${PODS_ROOT}/../Podfile.lock\" \"${PODS_ROOT}/Manifest.lock\" > /dev/null\nif [ $? != 0 ] ; then\n    # print error to STDERR\n    echo \"error: The sandbox is not in sync with the Podfile.lock. Run 'pod install' or update your CocoaPods installation.\" >&2\n    exit 1\nfi\n";
			showEnvVarsInLog = 0;
		};
		CDAA9BC846042798BE766A8E /* [CP] Embed Pods Frameworks */ = {
			isa = PBXShellScriptBuildPhase;
			buildActionMask = 2147483647;
			files = (
			);
			inputPaths = (
			);
			name = "[CP] Embed Pods Frameworks";
			outputPaths = (
			);
			runOnlyForDeploymentPostprocessing = 0;
			shellPath = /bin/sh;
			shellScript = "\"${SRCROOT}/Pods/Target Support Files/Pods-TestMyCocoapod/Pods-TestMyCocoapod-frameworks.sh\"\n";
			showEnvVarsInLog = 0;
		};
		D98BBADEC77BF76B0850AA64 /* [CP] Copy Pods Resources */ = {
			isa = PBXShellScriptBuildPhase;
			buildActionMask = 2147483647;
			files = (
			);
			inputPaths = (
			);
			name = "[CP] Copy Pods Resources";
			outputPaths = (
			);
			runOnlyForDeploymentPostprocessing = 0;
			shellPath = /bin/sh;
			shellScript = "\"${SRCROOT}/Pods/Target Support Files/Pods-TestMyCocoapod/Pods-TestMyCocoapod-resources.sh\"\n";
			showEnvVarsInLog = 0;
		};
/* End PBXShellScriptBuildPhase section */

/* Begin PBXSourcesBuildPhase section */
		5AC9DAAF1DE8F5710071B6E9 /* Sources */ = {
			isa = PBXSourcesBuildPhase;
			buildActionMask = 2147483647;
			files = (
				5AC9DAB91DE8F5710071B6E9 /* ViewController.swift in Sources */,
				5AC9DAB71DE8F5710071B6E9 /* AppDelegate.swift in Sources */,
				5AC9DACB1DE8F8440071B6E9 /* ViewController3.swift in Sources */,
				5AC9DAC91DE8F5980071B6E9 /* ViewController2.swift in Sources */,
			);
			runOnlyForDeploymentPostprocessing = 0;
		};
/* End PBXSourcesBuildPhase section */

/* Begin PBXVariantGroup section */
		5AC9DABF1DE8F5710071B6E9 /* LaunchScreen.storyboard */ = {
			isa = PBXVariantGroup;
			children = (
				5AC9DAC01DE8F5710071B6E9 /* Base */,
			);
			name = LaunchScreen.storyboard;
			sourceTree = "<group>";
		};
/* End PBXVariantGroup section */

/* Begin XCBuildConfiguration section */
		5AC9DAC31DE8F5710071B6E9 /* Debug */ = {
			isa = XCBuildConfiguration;
			buildSettings = {
				ALWAYS_SEARCH_USER_PATHS = NO;
				CLANG_ANALYZER_NONNULL = YES;
				CLANG_CXX_LANGUAGE_STANDARD = "gnu++0x";
				CLANG_CXX_LIBRARY = "libc++";
				CLANG_ENABLE_MODULES = YES;
				CLANG_ENABLE_OBJC_ARC = YES;
				CLANG_WARN_BOOL_CONVERSION = YES;
				CLANG_WARN_CONSTANT_CONVERSION = YES;
				CLANG_WARN_DIRECT_OBJC_ISA_USAGE = YES_ERROR;
				CLANG_WARN_DOCUMENTATION_COMMENTS = YES;
				CLANG_WARN_EMPTY_BODY = YES;
				CLANG_WARN_ENUM_CONVERSION = YES;
				CLANG_WARN_INFINITE_RECURSION = YES;
				CLANG_WARN_INT_CONVERSION = YES;
				CLANG_WARN_OBJC_ROOT_CLASS = YES_ERROR;
				CLANG_WARN_SUSPICIOUS_MOVES = YES;
				CLANG_WARN_UNREACHABLE_CODE = YES;
				CLANG_WARN__DUPLICATE_METHOD_MATCH = YES;
				"CODE_SIGN_IDENTITY[sdk=iphoneos*]" = "iPhone Developer";
				COPY_PHASE_STRIP = NO;
				DEBUG_INFORMATION_FORMAT = dwarf;
				ENABLE_STRICT_OBJC_MSGSEND = YES;
				ENABLE_TESTABILITY = YES;
				GCC_C_LANGUAGE_STANDARD = gnu99;
				GCC_DYNAMIC_NO_PIC = NO;
				GCC_NO_COMMON_BLOCKS = YES;
				GCC_OPTIMIZATION_LEVEL = 0;
				GCC_PREPROCESSOR_DEFINITIONS = (
					"DEBUG=1",
					"$(inherited)",
				);
				GCC_WARN_64_TO_32_BIT_CONVERSION = YES;
				GCC_WARN_ABOUT_RETURN_TYPE = YES_ERROR;
				GCC_WARN_UNDECLARED_SELECTOR = YES;
				GCC_WARN_UNINITIALIZED_AUTOS = YES_AGGRESSIVE;
				GCC_WARN_UNUSED_FUNCTION = YES;
				GCC_WARN_UNUSED_VARIABLE = YES;
				IPHONEOS_DEPLOYMENT_TARGET = 10.1;
				MTL_ENABLE_DEBUG_INFO = YES;
				ONLY_ACTIVE_ARCH = YES;
				SDKROOT = iphoneos;
				SWIFT_ACTIVE_COMPILATION_CONDITIONS = DEBUG;
				SWIFT_OPTIMIZATION_LEVEL = "-Onone";
				TARGETED_DEVICE_FAMILY = "1,2";
			};
			name = Debug;
		};
		5AC9DAC41DE8F5710071B6E9 /* Release */ = {
			isa = XCBuildConfiguration;
			buildSettings = {
				ALWAYS_SEARCH_USER_PATHS = NO;
				CLANG_ANALYZER_NONNULL = YES;
				CLANG_CXX_LANGUAGE_STANDARD = "gnu++0x";
				CLANG_CXX_LIBRARY = "libc++";
				CLANG_ENABLE_MODULES = YES;
				CLANG_ENABLE_OBJC_ARC = YES;
				CLANG_WARN_BOOL_CONVERSION = YES;
				CLANG_WARN_CONSTANT_CONVERSION = YES;
				CLANG_WARN_DIRECT_OBJC_ISA_USAGE = YES_ERROR;
				CLANG_WARN_DOCUMENTATION_COMMENTS = YES;
				CLANG_WARN_EMPTY_BODY = YES;
				CLANG_WARN_ENUM_CONVERSION = YES;
				CLANG_WARN_INFINITE_RECURSION = YES;
				CLANG_WARN_INT_CONVERSION = YES;
				CLANG_WARN_OBJC_ROOT_CLASS = YES_ERROR;
				CLANG_WARN_SUSPICIOUS_MOVES = YES;
				CLANG_WARN_UNREACHABLE_CODE = YES;
				CLANG_WARN__DUPLICATE_METHOD_MATCH = YES;
				"CODE_SIGN_IDENTITY[sdk=iphoneos*]" = "iPhone Developer";
				COPY_PHASE_STRIP = NO;
				DEBUG_INFORMATION_FORMAT = "dwarf-with-dsym";
				ENABLE_NS_ASSERTIONS = NO;
				ENABLE_STRICT_OBJC_MSGSEND = YES;
				GCC_C_LANGUAGE_STANDARD = gnu99;
				GCC_NO_COMMON_BLOCKS = YES;
				GCC_WARN_64_TO_32_BIT_CONVERSION = YES;
				GCC_WARN_ABOUT_RETURN_TYPE = YES_ERROR;
				GCC_WARN_UNDECLARED_SELECTOR = YES;
				GCC_WARN_UNINITIALIZED_AUTOS = YES_AGGRESSIVE;
				GCC_WARN_UNUSED_FUNCTION = YES;
				GCC_WARN_UNUSED_VARIABLE = YES;
				IPHONEOS_DEPLOYMENT_TARGET = 10.1;
				MTL_ENABLE_DEBUG_INFO = NO;
				SDKROOT = iphoneos;
				SWIFT_OPTIMIZATION_LEVEL = "-Owholemodule";
				TARGETED_DEVICE_FAMILY = "1,2";
				VALIDATE_PRODUCT = YES;
			};
			name = Release;
		};
		5AC9DAC61DE8F5710071B6E9 /* Debug */ = {
			isa = XCBuildConfiguration;
			baseConfigurationReference = 7B98DE305FB9F920981BA8FE /* Pods-TestMyCocoapod.debug.xcconfig */;
			buildSettings = {
				ASSETCATALOG_COMPILER_APPICON_NAME = AppIcon;
				DEVELOPMENT_TEAM = ZNAXL37NHX;
				INFOPLIST_FILE = TestMyCocoapod/Info.plist;
				LD_RUNPATH_SEARCH_PATHS = "$(inherited) @executable_path/Frameworks";
				PRODUCT_BUNDLE_IDENTIFIER = com.adeolauthman.TestMyCocoapod;
				PRODUCT_NAME = "$(TARGET_NAME)";
				SWIFT_VERSION = 3.0;
			};
			name = Debug;
		};
		5AC9DAC71DE8F5710071B6E9 /* Release */ = {
			isa = XCBuildConfiguration;
			baseConfigurationReference = 812995949F47CE8E8A14F0AC /* Pods-TestMyCocoapod.release.xcconfig */;
			buildSettings = {
				ASSETCATALOG_COMPILER_APPICON_NAME = AppIcon;
				DEVELOPMENT_TEAM = ZNAXL37NHX;
				INFOPLIST_FILE = TestMyCocoapod/Info.plist;
				LD_RUNPATH_SEARCH_PATHS = "$(inherited) @executable_path/Frameworks";
				PRODUCT_BUNDLE_IDENTIFIER = com.adeolauthman.TestMyCocoapod;
				PRODUCT_NAME = "$(TARGET_NAME)";
				SWIFT_VERSION = 3.0;
			};
			name = Release;
		};
/* End XCBuildConfiguration section */

/* Begin XCConfigurationList section */
		5AC9DAAE1DE8F5710071B6E9 /* Build configuration list for PBXProject "TestMyCocoapod" */ = {
			isa = XCConfigurationList;
			buildConfigurations = (
				5AC9DAC31DE8F5710071B6E9 /* Debug */,
				5AC9DAC41DE8F5710071B6E9 /* Release */,
			);
			defaultConfigurationIsVisible = 0;
			defaultConfigurationName = Release;
		};
		5AC9DAC51DE8F5710071B6E9 /* Build configuration list for PBXNativeTarget "TestMyCocoapod" */ = {
			isa = XCConfigurationList;
			buildConfigurations = (
				5AC9DAC61DE8F5710071B6E9 /* Debug */,
				5AC9DAC71DE8F5710071B6E9 /* Release */,
			);
			defaultConfigurationIsVisible = 0;
			defaultConfigurationName = Release;
		};
/* End XCConfigurationList section */
	};
	rootObject = 5AC9DAAB1DE8F5710071B6E9 /* Project object */;
}
